# This file is generated by running "yarn install" inside your project.
# Manual changes might be lost - proceed with caution!

__metadata:
  version: 8
  cacheKey: 10c0

"assertion-error@npm:^2.0.1":
  version: 2.0.1
  resolution: "assertion-error@npm:2.0.1"
  checksum: 10c0/bbbcb117ac6480138f8c93cf7f535614282dea9dc828f540cdece85e3c665e8f78958b96afac52f29ff883c72638e6a87d469ecc9fe5bc902df03ed24a55dba8
  languageName: node
  linkType: hard

"chai@npm:^5.1.1":
  version: 5.1.1
  resolution: "chai@npm:5.1.1"
  dependencies:
    assertion-error: "npm:^2.0.1"
    check-error: "npm:^2.1.1"
    deep-eql: "npm:^5.0.1"
    loupe: "npm:^3.1.0"
    pathval: "npm:^2.0.0"
  checksum: 10c0/e7f00e5881e3d5224f08fe63966ed6566bd9fdde175863c7c16dd5240416de9b34c4a0dd925f4fd64ad56256ca6507d32cf6131c49e1db65c62578eb31d4566c
  languageName: node
  linkType: hard

"check-error@npm:^2.1.1":
  version: 2.1.1
  resolution: "check-error@npm:2.1.1"
  checksum: 10c0/979f13eccab306cf1785fa10941a590b4e7ea9916ea2a4f8c87f0316fc3eab07eabefb6e587424ef0f88cbcd3805791f172ea739863ca3d7ce2afc54641c7f0e
  languageName: node
  linkType: hard

"deep-eql@npm:^5.0.1":
  version: 5.0.1
  resolution: "deep-eql@npm:5.0.1"
  checksum: 10c0/079938540e36e468ac57ee857b4c34a428677aeb6d0cd45e0a8f7039bc21d89da5acf455a57e747740d9834e562b1d9cb5fd74f768d5f092d2fc4c646b23ac24
  languageName: node
  linkType: hard

"get-func-name@npm:^2.0.1":
  version: 2.0.2
  resolution: "get-func-name@npm:2.0.2"
  checksum: 10c0/89830fd07623fa73429a711b9daecdb304386d237c71268007f788f113505ef1d4cc2d0b9680e072c5082490aec9df5d7758bf5ac6f1c37062855e8e3dc0b9df
  languageName: node
  linkType: hard

"loupe@npm:^3.1.0":
  version: 3.1.1
  resolution: "loupe@npm:3.1.1"
  dependencies:
    get-func-name: "npm:^2.0.1"
  checksum: 10c0/99f88badc47e894016df0c403de846fedfea61154aadabbf776c8428dd59e8d8378007135d385d737de32ae47980af07d22ba7bec5ef7beebd721de9baa0a0af
  languageName: node
  linkType: hard

"nodejs@workspace:.":
  version: 0.0.0-use.local
  resolution: "nodejs@workspace:."
  dependencies:
    chai: "npm:^5.1.1"
  languageName: unknown
  linkType: soft

"pathval@npm:^2.0.0":
  version: 2.0.0
  resolution: "pathval@npm:2.0.0"
  checksum: 10c0/602e4ee347fba8a599115af2ccd8179836a63c925c23e04bd056d0674a64b39e3a081b643cc7bc0b84390517df2d800a46fcc5598d42c155fe4977095c2f77c5
  languageName: node
  linkType: hard
